
Microsoft Visual Studio Solution File, Format Version 12.00
# Visual Studio 15
VisualStudioVersion = 15.0.27428.2043
MinimumVisualStudioVersion = 10.0.40219.1
Project("{FAE04EC0-301F-11D3-BF4B-00C04F79EFBC}") = "RahRahRah", "RahRahRah\RahRahRah.csproj", "{74EFF448-E7D0-4D73-84F9-4A322CD5A45E}"
EndProject
Global
	GlobalSection(SolutionConfigurationPlatforms) = preSolution
		Debug|Any CPU = Debug|Any CPU
		Release|Any CPU = Release|Any CPU
	EndGlobalSection
	GlobalSection(ProjectConfigurationPlatforms) = postSolution
		{74EFF448-E7D0-4D73-84F9-4A322CD5A45E}.Debug|Any CPU.ActiveCfg = Debug|Any CPU
		{74EFF448-E7D0-4D73-84F9-4A322CD5A45E}.Debug|Any CPU.Build.0 = Debug|Any CPU
		{74EFF448-E7D0-4D73-84F9-4A322CD5A45E}.Release|Any CPU.ActiveCfg = Release|Any CPU
		{74EFF448-E7D0-4D73-84F9-4A322CD5A45E}.Release|Any CPU.Build.0 = Release|Any CPU
	EndGlobalSection
	GlobalSection(SolutionProperties) = preSolution
		HideSolutionNode = FALSE
	EndGlobalSection
	GlobalSection(ExtensibilityGlobals) = postSolution
		SolutionGuid = {33838658-2881-44B8-BECC-DBE6DEEC4F7D}
	EndGlobalSection
EndGlobal
